{
  "name": "orchestrator",
  "version": "1.0.0",
  "lockfileVersion": 3,
  "requires": true,
  "packages": {
    "": {
      "name": "orchestrator",
      "version": "1.0.0",
      "license": "ISC",
      "dependencies": {
        "taflzero": "../pkg"
      }
    },
    "../pkg": {
      "name": "taflzero",
      "version": "0.1.0",
      "license": "GPL-3.0-or-later"
    },
    "node_modules/taflzero": {
      "resolved": "../pkg",
      "link": true
    }
  }
}
