# THIS IS AN AUTOGENERATED FILE. DO NOT EDIT THIS FILE DIRECTLY.
# yarn lockfile v1


"taflzero@git+ssh://git@github.com/sovelin/zevratafl.git#feat/taflzero-prepare-to-open-source":
  version "0.0.0"
  resolved "git+ssh://git@github.com/sovelin/zevratafl.git#04fb4ec72b7f3ea333d633fb3832014b7255dd5b"
